
Microsoft Visual Studio Solution File, Format Version 12.00
# Visual Studio Version 16
VisualStudioVersion = 16.0.31105.61
MinimumVisualStudioVersion = 10.0.40219.1
Project("{4DF76451-A46A-4C0B-BE03-459FAAFA07E6}") = "BambooHrPQExtension", "BambooHrPQExtension\BambooHrPQExtension.mproj", "{CD014C2D-969D-409D-B5D6-9532A1701CD5}"
EndProject
Global
	GlobalSection(SolutionConfigurationPlatforms) = preSolution
		Debug|x86 = Debug|x86
		Release|x86 = Release|x86
	EndGlobalSection
	GlobalSection(ProjectConfigurationPlatforms) = postSolution
		{CD014C2D-969D-409D-B5D6-9532A1701CD5}.Debug|x86.ActiveCfg = Debug|x86
		{CD014C2D-969D-409D-B5D6-9532A1701CD5}.Debug|x86.Build.0 = Debug|x86
		{CD014C2D-969D-409D-B5D6-9532A1701CD5}.Release|x86.ActiveCfg = Release|x86
		{CD014C2D-969D-409D-B5D6-9532A1701CD5}.Release|x86.Build.0 = Release|x86
	EndGlobalSection
	GlobalSection(SolutionProperties) = preSolution
		HideSolutionNode = FALSE
	EndGlobalSection
	GlobalSection(ExtensibilityGlobals) = postSolution
		SolutionGuid = {37FC01FB-2009-4C66-B0EA-B65CD01CBAB5}
	EndGlobalSection
EndGlobal
